
Microsoft Visual Studio Solution File, Format Version 12.00
# Visual Studio Version 16
VisualStudioVersion = 16.0.30114.105
MinimumVisualStudioVersion = 10.0.40219.1
Project("{FAE04EC0-301F-11D3-BF4B-00C04F79EFBC}") = "DependencyInjection", "DependencyInjection\DependencyInjection.csproj", "{11DD848D-0411-4E8D-A9CF-91110F1C5EB4}"
EndProject
Global
	GlobalSection(SolutionConfigurationPlatforms) = preSolution
		Debug|Any CPU = Debug|Any CPU
		Release|Any CPU = Release|Any CPU
	EndGlobalSection
	GlobalSection(ProjectConfigurationPlatforms) = postSolution
		{11DD848D-0411-4E8D-A9CF-91110F1C5EB4}.Debug|Any CPU.ActiveCfg = Debug|Any CPU
		{11DD848D-0411-4E8D-A9CF-91110F1C5EB4}.Debug|Any CPU.Build.0 = Debug|Any CPU
		{11DD848D-0411-4E8D-A9CF-91110F1C5EB4}.Release|Any CPU.ActiveCfg = Release|Any CPU
		{11DD848D-0411-4E8D-A9CF-91110F1C5EB4}.Release|Any CPU.Build.0 = Release|Any CPU
	EndGlobalSection
	GlobalSection(SolutionProperties) = preSolution
		HideSolutionNode = FALSE
	EndGlobalSection
	GlobalSection(ExtensibilityGlobals) = postSolution
		SolutionGuid = {73F98B5D-219F-444A-BC65-C9045C09336E}
	EndGlobalSection
EndGlobal
